<?xml version="1.0" encoding="utf-8"?>
<Project ToolsVersion="4.0" xmlns="http://schemas.microsoft.com/developer/msbuild/2003">
  <ItemGroup>
    <ClCompile Include="utils\string_test.cpp">
      <Filter>utils</Filter>
    </ClCompile>
    <ClCompile Include="main.cpp" />
    <ClCompile Include="graphics\mesh_test.cpp">
      <Filter>graphics\test</Filter>
    </ClCompile>
    <ClCompile Include="graphics\object_loader_test.cpp">
      <Filter>graphics\test</Filter>
    </ClCompile>
    <ClCompile Include="..\OpenGL\graphics\mesh.cpp">
      <Filter>graphics\src</Filter>
    </ClCompile>
    <ClCompile Include="..\OpenGL\graphics\obj_loader.cpp">
      <Filter>graphics\src</Filter>
    </ClCompile>
  </ItemGroup>
  <ItemGroup>
    <Filter Include="utils">
      <UniqueIdentifier>{f96d5c31-664b-4b54-a68a-5152be897c41}</UniqueIdentifier>
    </Filter>
    <Filter Include="graphics">
      <UniqueIdentifier>{358dd437-5550-496d-9676-902602cd7ec3}</UniqueIdentifier>
    </Filter>
    <Filter Include="graphics\test">
      <UniqueIdentifier>{671ee7cc-67c9-435d-8456-afd9411ae859}</UniqueIdentifier>
    </Filter>
    <Filter Include="graphics\src">
      <UniqueIdentifier>{1d93ceda-aadc-4766-b2c5-46dd9d2d1251}</UniqueIdentifier>
    </Filter>
  </ItemGroup>
</Project>