<?xml version="1.0" encoding="utf-8"?>
<Project ToolsVersion="4.0" xmlns="http://schemas.microsoft.com/developer/msbuild/2003">
  <ItemGroup>
    <ClCompile Include="main.cpp" />
  </ItemGroup>
  <ItemGroup>
    <ClInclude Include="utils\string.hpp">
      <Filter>utils</Filter>
    </ClInclude>
    <ClInclude Include="utils\file.hpp">
      <Filter>utils</Filter>
    </ClInclude>
    <ClInclude Include="graphics\shader.hpp">
      <Filter>graphics</Filter>
    </ClInclude>
    <ClInclude Include="graphics\shader_program.hpp">
      <Filter>graphics</Filter>
    </ClInclude>
    <ClInclude Include="graphics\mesh.hpp">
      <Filter>graphics</Filter>
    </ClInclude>
    <ClInclude Include="object_loader.hpp">
      <Filter>graphics</Filter>
    </ClInclude>
    <ClInclude Include="exception\file_not_found_exception.hpp">
      <Filter>exception</Filter>
    </ClInclude>
  </ItemGroup>
  <ItemGroup>
    <None Include="shaders\fragment.glsl">
      <Filter>shaders</Filter>
    </None>
    <None Include="shaders\vertex.glsl">
      <Filter>shaders</Filter>
    </None>
  </ItemGroup>
  <ItemGroup>
    <Filter Include="shaders">
      <UniqueIdentifier>{bc519ce1-d050-44ca-bf16-5049ce0cb9a2}</UniqueIdentifier>
    </Filter>
    <Filter Include="utils">
      <UniqueIdentifier>{48e9edca-52c8-4520-99ef-22029f2334b4}</UniqueIdentifier>
    </Filter>
    <Filter Include="graphics">
      <UniqueIdentifier>{e2a2d935-f222-40b4-b7c5-da80e71d06b4}</UniqueIdentifier>
    </Filter>
    <Filter Include="exception">
      <UniqueIdentifier>{5f82ecdc-86d7-41c3-8d86-43fac2e22732}</UniqueIdentifier>
    </Filter>
  </ItemGroup>
</Project>