<?xml version="1.0" encoding="utf-8"?>
<Project ToolsVersion="4.0" xmlns="http://schemas.microsoft.com/developer/msbuild/2003">
  <ItemGroup>
    <ClCompile Include="main.cpp" />
    <ClCompile Include="graphics\mesh.cpp">
      <Filter>graphics</Filter>
    </ClCompile>
    <ClCompile Include="graphics\shader_program.cpp">
      <Filter>graphics</Filter>
    </ClCompile>
    <ClCompile Include="graphics\texture2d.cpp">
      <Filter>graphics</Filter>
    </ClCompile>
    <ClCompile Include="graphics\obj_loader.cpp">
      <Filter>graphics</Filter>
    </ClCompile>
    <ClCompile Include="graphics\arcball.cpp">
      <Filter>graphics</Filter>
    </ClCompile>
    <ClCompile Include="window.cpp" />
  </ItemGroup>
  <ItemGroup>
    <ClInclude Include="utils\string.h">
      <Filter>utils</Filter>
    </ClInclude>
    <ClInclude Include="utils\file.h">
      <Filter>utils</Filter>
    </ClInclude>
    <ClInclude Include="graphics\shader_program.h">
      <Filter>graphics</Filter>
    </ClInclude>
    <ClInclude Include="graphics\mesh.h">
      <Filter>graphics</Filter>
    </ClInclude>
    <ClInclude Include="graphics\obj_loader.h">
      <Filter>graphics</Filter>
    </ClInclude>
    <ClInclude Include="graphics\texture2d.h">
      <Filter>graphics</Filter>
    </ClInclude>
    <ClInclude Include="graphics\material.h">
      <Filter>graphics</Filter>
    </ClInclude>
    <ClInclude Include="graphics\arcball.h">
      <Filter>graphics</Filter>
    </ClInclude>
    <ClInclude Include="window.h" />
    <ClInclude Include="geometry\vertex.h" />
  </ItemGroup>
  <ItemGroup>
    <None Include="shaders\fragment.glsl">
      <Filter>shaders</Filter>
    </None>
    <None Include="shaders\vertex.glsl">
      <Filter>shaders</Filter>
    </None>
  </ItemGroup>
  <ItemGroup>
    <Filter Include="shaders">
      <UniqueIdentifier>{bc519ce1-d050-44ca-bf16-5049ce0cb9a2}</UniqueIdentifier>
    </Filter>
    <Filter Include="utils">
      <UniqueIdentifier>{48e9edca-52c8-4520-99ef-22029f2334b4}</UniqueIdentifier>
    </Filter>
    <Filter Include="models">
      <UniqueIdentifier>{72540917-fab2-49b9-bf65-600687120d37}</UniqueIdentifier>
    </Filter>
    <Filter Include="graphics">
      <UniqueIdentifier>{e2a2d935-f222-40b4-b7c5-da80e71d06b4}</UniqueIdentifier>
    </Filter>
  </ItemGroup>
  <ItemGroup>
    <Object Include="models\monkey.obj">
      <Filter>models</Filter>
    </Object>
    <Object Include="models\bunny.obj">
      <Filter>models</Filter>
    </Object>
  </ItemGroup>
</Project>